<?xml version="1.0" encoding="utf-8"?>
<Project ToolsVersion="4.0" xmlns="http://schemas.microsoft.com/developer/msbuild/2003">
  <ItemGroup>
    <ClCompile Include="App.cpp" />
    <ClCompile Include="pch.cpp" />
    <ClCompile Include="Game.cpp">
      <Filter>Dx\Game</Filter>
    </ClCompile>
    <ClCompile Include="Level1.cpp">
      <Filter>Dx\Game\Levels</Filter>
    </ClCompile>
    <ClCompile Include="Level3.cpp">
      <Filter>Dx\Game\Levels</Filter>
    </ClCompile>
    <ClCompile Include="Level2.cpp">
      <Filter>Dx\Game\Levels</Filter>
    </ClCompile>
    <ClCompile Include="Level4.cpp">
      <Filter>Dx\Game\Levels</Filter>
    </ClCompile>
    <ClCompile Include="Level5.cpp">
      <Filter>Dx\Game\Levels</Filter>
    </ClCompile>
    <ClCompile Include="Graphics.cpp">
      <Filter>Dx\Graphics</Filter>
    </ClCompile>
    <ClCompile Include="IO.cpp">
      <Filter>Dx\IO</Filter>
    </ClCompile>
    <ClCompile Include="Scene.cpp">
      <Filter>Dx\Graphics\Drawables</Filter>
    </ClCompile>
    <ClCompile Include="ObjectInSpace.cpp">
      <Filter>Dx\Graphics\Drawables</Filter>
    </ClCompile>
    <ClCompile Include="SceneFactory.cpp">
      <Filter>Dx\Game\Levels</Filter>
    </ClCompile>
    <ClCompile Include="InputLayout.cpp">
      <Filter>Dx\Graphics\Attachables</Filter>
    </ClCompile>
    <ClCompile Include="Mesh.cpp">
      <Filter>Dx\Graphics\Drawables</Filter>
    </ClCompile>
  </ItemGroup>
  <ItemGroup>
    <ClInclude Include="pch.h" />
    <ClInclude Include="Game.h">
      <Filter>Dx\Game</Filter>
    </ClInclude>
    <ClInclude Include="Level1.h">
      <Filter>Dx\Game\Levels</Filter>
    </ClInclude>
    <ClInclude Include="Level3.h">
      <Filter>Dx\Game\Levels</Filter>
    </ClInclude>
    <ClInclude Include="Level2.h">
      <Filter>Dx\Game\Levels</Filter>
    </ClInclude>
    <ClInclude Include="Level4.h">
      <Filter>Dx\Game\Levels</Filter>
    </ClInclude>
    <ClInclude Include="Cube.h">
      <Filter>Dx\Graphics\Drawables</Filter>
    </ClInclude>
    <ClInclude Include="Drawable.h">
      <Filter>Dx\Graphics\Drawables</Filter>
    </ClInclude>
    <ClInclude Include="VertexBuffer.h">
      <Filter>Dx\Graphics\Attachables</Filter>
    </ClInclude>
    <ClInclude Include="IndexBuffer.h">
      <Filter>Dx\Graphics\Attachables</Filter>
    </ClInclude>
    <ClInclude Include="InputLayout.h">
      <Filter>Dx\Graphics\Attachables</Filter>
    </ClInclude>
    <ClInclude Include="Attachable.h">
      <Filter>Dx\Graphics\Attachables</Filter>
    </ClInclude>
    <ClInclude Include="VertexShader.h">
      <Filter>Dx\Graphics\Attachables</Filter>
    </ClInclude>
    <ClInclude Include="PixelShader.h">
      <Filter>Dx\Graphics\Attachables</Filter>
    </ClInclude>
    <ClInclude Include="PSConstantBuffer.h">
      <Filter>Dx\Graphics\Attachables</Filter>
    </ClInclude>
    <ClInclude Include="VSConstantBuffer.h">
      <Filter>Dx\Graphics\Attachables</Filter>
    </ClInclude>
    <ClInclude Include="Texture.h">
      <Filter>Dx\Graphics\Attachables</Filter>
    </ClInclude>
    <ClInclude Include="CubeTextured.h">
      <Filter>Dx\Graphics\Drawables</Filter>
    </ClInclude>
    <ClInclude Include="Level5.h">
      <Filter>Dx\Game\Levels</Filter>
    </ClInclude>
    <ClInclude Include="resource.h" />
    <ClInclude Include="Level6.h">
      <Filter>Dx\Game\Levels</Filter>
    </ClInclude>
    <ClInclude Include="KeyboardInput.h">
      <Filter>Dx\Game</Filter>
    </ClInclude>
    <ClInclude Include="StepTimer.h">
      <Filter>Dx\Game</Filter>
    </ClInclude>
    <ClInclude Include="Graphics.h">
      <Filter>Dx\Graphics</Filter>
    </ClInclude>
    <ClInclude Include="Camera.h">
      <Filter>Dx\Graphics</Filter>
    </ClInclude>
    <ClInclude Include="Dds.h">
      <Filter>Dx\Graphics</Filter>
    </ClInclude>
    <ClInclude Include="DxTools.h">
      <Filter>Dx\Graphics</Filter>
    </ClInclude>
    <ClInclude Include="IO.h">
      <Filter>Dx\IO</Filter>
    </ClInclude>
    <ClInclude Include="MouseInput.h">
      <Filter>Dx\Game</Filter>
    </ClInclude>
    <ClInclude Include="Level7.h">
      <Filter>Dx\Game\Levels</Filter>
    </ClInclude>
    <ClInclude Include="CubeColored.h">
      <Filter>Dx\Graphics\Drawables</Filter>
    </ClInclude>
    <ClInclude Include="Level8.h">
      <Filter>Dx\Game\Levels</Filter>
    </ClInclude>
    <ClInclude Include="Structures.h">
      <Filter>Dx\Graphics\Drawables</Filter>
    </ClInclude>
    <ClInclude Include="Scene.h">
      <Filter>Dx\Graphics\Drawables</Filter>
    </ClInclude>
    <ClInclude Include="Level9.h">
      <Filter>Dx\Game\Levels</Filter>
    </ClInclude>
    <ClInclude Include="ObjectInSpace.h">
      <Filter>Dx\Graphics\Drawables</Filter>
    </ClInclude>
    <ClInclude Include="SceneFactory.h">
      <Filter>Dx\Game\Levels</Filter>
    </ClInclude>
    <ClInclude Include="SphereColoredWithNormal.h">
      <Filter>Dx\Graphics\Drawables</Filter>
    </ClInclude>
    <ClInclude Include="SphereColored.h">
      <Filter>Dx\Graphics\Drawables</Filter>
    </ClInclude>
    <ClInclude Include="LevelBase.h">
      <Filter>Dx\Game\Levels</Filter>
    </ClInclude>
    <ClInclude Include="Mesh.h">
      <Filter>Dx\Graphics\Drawables</Filter>
    </ClInclude>
  </ItemGroup>
  <ItemGroup>
    <Image Include="Assets\Wide310x150Logo.scale-200.png">
      <Filter>Assets</Filter>
    </Image>
    <Image Include="Assets\StoreLogo.png">
      <Filter>Assets</Filter>
    </Image>
    <Image Include="Assets\Square150x150Logo.scale-200.png">
      <Filter>Assets</Filter>
    </Image>
    <Image Include="Assets\Square44x44Logo.targetsize-24_altform-unplated.png">
      <Filter>Assets</Filter>
    </Image>
    <Image Include="Assets\Square44x44Logo.scale-200.png">
      <Filter>Assets</Filter>
    </Image>
    <Image Include="Assets\SplashScreen.scale-200.png">
      <Filter>Assets</Filter>
    </Image>
    <Image Include="Assets\LockScreenLogo.scale-200.png">
      <Filter>Assets</Filter>
    </Image>
    <Image Include="Assets\karin.dds">
      <Filter>Assets</Filter>
    </Image>
    <Image Include="Assets\karin2.dds">
      <Filter>Assets</Filter>
    </Image>
    <Image Include="Assets\karin3.dds">
      <Filter>Assets</Filter>
    </Image>
    <Image Include="Assets\nano_textured\arm_dif.png">
      <Filter>Assets</Filter>
    </Image>
    <Image Include="Assets\nano_textured\arm_showroom_spec.png">
      <Filter>Assets</Filter>
    </Image>
    <Image Include="Assets\nano_textured\body_dif.png">
      <Filter>Assets</Filter>
    </Image>
    <Image Include="Assets\nano_textured\body_showroom_spec.png">
      <Filter>Assets</Filter>
    </Image>
    <Image Include="Assets\nano_textured\glass_dif.png">
      <Filter>Assets</Filter>
    </Image>
    <Image Include="Assets\nano_textured\hand_dif.png">
      <Filter>Assets</Filter>
    </Image>
    <Image Include="Assets\nano_textured\hand_showroom_spec.png">
      <Filter>Assets</Filter>
    </Image>
    <Image Include="Assets\nano_textured\helmet_diff.png">
      <Filter>Assets</Filter>
    </Image>
    <Image Include="Assets\nano_textured\helmet_showroom_spec.png">
      <Filter>Assets</Filter>
    </Image>
    <Image Include="Assets\nano_textured\leg_dif.png">
      <Filter>Assets</Filter>
    </Image>
    <Image Include="Assets\nano_textured\leg_showroom_spec.png">
      <Filter>Assets</Filter>
    </Image>
  </ItemGroup>
  <ItemGroup>
    <AppxManifest Include="Package.appxmanifest" />
  </ItemGroup>
  <ItemGroup>
    <Filter Include="Assets">
      <UniqueIdentifier>{db9086fe-bacc-4437-8272-1aa6642082db}</UniqueIdentifier>
    </Filter>
    <Filter Include="Dx">
      <UniqueIdentifier>{5bfb178c-49f4-4511-b340-4235e9351304}</UniqueIdentifier>
    </Filter>
    <Filter Include="Dx\Game">
      <UniqueIdentifier>{83a338da-8688-4b40-978c-fabec5eefa68}</UniqueIdentifier>
    </Filter>
    <Filter Include="Dx\Game\Levels">
      <UniqueIdentifier>{4fa04f32-faae-4c44-bb29-99f2f0c58d94}</UniqueIdentifier>
    </Filter>
    <Filter Include="Dx\Graphics">
      <UniqueIdentifier>{8a46e321-98d3-4520-b7d9-04d7a98d3ee0}</UniqueIdentifier>
    </Filter>
    <Filter Include="Dx\IO">
      <UniqueIdentifier>{ce28814c-b75d-4564-9653-2b0f85ee2a4c}</UniqueIdentifier>
    </Filter>
    <Filter Include="Dx\Graphics\Attachables">
      <UniqueIdentifier>{8aea8585-4468-4573-81fe-dae55b3b553e}</UniqueIdentifier>
    </Filter>
    <Filter Include="Dx\Graphics\Shaders">
      <UniqueIdentifier>{9ad4c64f-d2e2-402c-92b9-1186889c9ac8}</UniqueIdentifier>
    </Filter>
    <Filter Include="Dx\Graphics\Drawables">
      <UniqueIdentifier>{b9ecc9a9-2bb3-4d0e-921b-4795a6f9d0c8}</UniqueIdentifier>
    </Filter>
    <Filter Include="Dx\Graphics\Shaders\8">
      <UniqueIdentifier>{a9538e4f-8e8e-4cd2-a2dd-c503a2c523e5}</UniqueIdentifier>
    </Filter>
    <Filter Include="Dx\Graphics\Shaders\7">
      <UniqueIdentifier>{53d8178a-fb0a-4d9e-8b4c-bed2b6ab990e}</UniqueIdentifier>
    </Filter>
    <Filter Include="Dx\Graphics\Shaders\5_6">
      <UniqueIdentifier>{f7137658-d11f-4e82-96ec-98a7ccdd1294}</UniqueIdentifier>
    </Filter>
    <Filter Include="Dx\Graphics\Shaders\older">
      <UniqueIdentifier>{754534bb-e6ed-416e-9de2-0e28da0c98ee}</UniqueIdentifier>
    </Filter>
    <Filter Include="Dx\Graphics\Shaders\9">
      <UniqueIdentifier>{dc0e5317-88cc-4a44-a547-cc4ba8877af0}</UniqueIdentifier>
    </Filter>
  </ItemGroup>
  <ItemGroup>
    <None Include="PropertySheet.props" />
    <None Include="packages.config" />
    <None Include="8_Structures.hlsli">
      <Filter>Dx\Graphics\Shaders\8</Filter>
    </None>
    <None Include="8_Functions.hlsli">
      <Filter>Dx\Graphics\Shaders\8</Filter>
    </None>
    <None Include="9_Functions.hlsli">
      <Filter>Dx\Graphics\Shaders\9</Filter>
    </None>
    <None Include="9_Structures.hlsli">
      <Filter>Dx\Graphics\Shaders\9</Filter>
    </None>
  </ItemGroup>
  <ItemGroup>
    <FxCompile Include="VertexShader7Textured.hlsl">
      <Filter>Dx\Graphics\Shaders\7</Filter>
    </FxCompile>
    <FxCompile Include="VertexShader7Colored.hlsl">
      <Filter>Dx\Graphics\Shaders\7</Filter>
    </FxCompile>
    <FxCompile Include="PixelShader7Colored.hlsl">
      <Filter>Dx\Graphics\Shaders\7</Filter>
    </FxCompile>
    <FxCompile Include="PixelShader7Static.hlsl">
      <Filter>Dx\Graphics\Shaders\7</Filter>
    </FxCompile>
    <FxCompile Include="PixelShader7Textured.hlsl">
      <Filter>Dx\Graphics\Shaders\7</Filter>
    </FxCompile>
    <FxCompile Include="PixelShader5_6.hlsl">
      <Filter>Dx\Graphics\Shaders\5_6</Filter>
    </FxCompile>
    <FxCompile Include="VertexShader5_6.hlsl">
      <Filter>Dx\Graphics\Shaders\5_6</Filter>
    </FxCompile>
    <FxCompile Include="Functions.hlsl">
      <Filter>Dx\Graphics\Shaders\7</Filter>
    </FxCompile>
    <FxCompile Include="PixelShader.hlsl">
      <Filter>Dx\Graphics\Shaders\older</Filter>
    </FxCompile>
    <FxCompile Include="PixelShader2.hlsl">
      <Filter>Dx\Graphics\Shaders\older</Filter>
    </FxCompile>
    <FxCompile Include="PixelShader3.hlsl">
      <Filter>Dx\Graphics\Shaders\older</Filter>
    </FxCompile>
    <FxCompile Include="PixelShader4.hlsl">
      <Filter>Dx\Graphics\Shaders\older</Filter>
    </FxCompile>
    <FxCompile Include="VertexShader.hlsl">
      <Filter>Dx\Graphics\Shaders\older</Filter>
    </FxCompile>
    <FxCompile Include="VertexShader2.hlsl">
      <Filter>Dx\Graphics\Shaders\older</Filter>
    </FxCompile>
    <FxCompile Include="VertexShader3.hlsl">
      <Filter>Dx\Graphics\Shaders\older</Filter>
    </FxCompile>
    <FxCompile Include="VertexShader4.hlsl">
      <Filter>Dx\Graphics\Shaders\older</Filter>
    </FxCompile>
    <FxCompile Include="8_PixelWithColor.hlsl">
      <Filter>Dx\Graphics\Shaders\8</Filter>
    </FxCompile>
    <FxCompile Include="8_PixelWithNormal.hlsl">
      <Filter>Dx\Graphics\Shaders\8</Filter>
    </FxCompile>
    <FxCompile Include="8_VertexWithColor.hlsl">
      <Filter>Dx\Graphics\Shaders\8</Filter>
    </FxCompile>
    <FxCompile Include="8_VertexWithNormal.hlsl">
      <Filter>Dx\Graphics\Shaders\8</Filter>
    </FxCompile>
    <FxCompile Include="9_VertexColored.hlsl">
      <Filter>Dx\Graphics\Shaders\9</Filter>
    </FxCompile>
    <FxCompile Include="9_VertexColoredWithNormal.hlsl">
      <Filter>Dx\Graphics\Shaders\9</Filter>
    </FxCompile>
    <FxCompile Include="9_PixelColoredWithNormal.hlsl">
      <Filter>Dx\Graphics\Shaders\9</Filter>
    </FxCompile>
    <FxCompile Include="9_VertexSimpleWithNormal.hlsl">
      <Filter>Dx\Graphics\Shaders\9</Filter>
    </FxCompile>
    <FxCompile Include="9_PixelSimpleWithNormal.hlsl">
      <Filter>Dx\Graphics\Shaders\9</Filter>
    </FxCompile>
    <FxCompile Include="9_PixelColored.hlsl">
      <Filter>Dx\Graphics\Shaders\9</Filter>
    </FxCompile>
    <FxCompile Include="9_VertexTexturedWithNormal.hlsl">
      <Filter>Dx\Graphics\Shaders\9</Filter>
    </FxCompile>
    <FxCompile Include="9_PixelTexturedWithNormal.hlsl">
      <Filter>Dx\Graphics\Shaders\9</Filter>
    </FxCompile>
  </ItemGroup>
  <ItemGroup>
    <ResourceCompile Include="WinRTDX.rc" />
  </ItemGroup>
  <ItemGroup>
    <Media Include="Assets\suzanne.obj">
      <Filter>Assets</Filter>
    </Media>
    <Media Include="Assets\nanosuit.obj">
      <Filter>Assets</Filter>
    </Media>
    <Media Include="Assets\nano_textured\nanosuit.obj">
      <Filter>Assets</Filter>
    </Media>
    <Media Include="Assets\nano_textured\nanosuit.mtl">
      <Filter>Assets</Filter>
    </Media>
  </ItemGroup>
  <ItemGroup>
    <Text Include="Assets\nano_textured\LICENSE.txt">
      <Filter>Assets</Filter>
    </Text>
  </ItemGroup>
</Project>