<?xml version="1.0" encoding="utf-8"?>
<Project ToolsVersion="4.0" xmlns="http://schemas.microsoft.com/developer/msbuild/2003">
  <ItemGroup>
    <ClCompile Include="App.cpp" />
    <ClCompile Include="pch.cpp" />
    <ClCompile Include="Game.cpp">
      <Filter>Game</Filter>
    </ClCompile>
    <ClCompile Include="Graphics.cpp">
      <Filter>Dx</Filter>
    </ClCompile>
    <ClCompile Include="IO.cpp">
      <Filter>Dx</Filter>
    </ClCompile>
    <ClCompile Include="Level1.cpp">
      <Filter>Levels</Filter>
    </ClCompile>
    <ClCompile Include="Level3.cpp">
      <Filter>Levels</Filter>
    </ClCompile>
    <ClCompile Include="Level2.cpp">
      <Filter>Levels</Filter>
    </ClCompile>
    <ClCompile Include="Level4.cpp">
      <Filter>Levels</Filter>
    </ClCompile>
    <ClCompile Include="Cube.cpp">
      <Filter>Dx\Shapes</Filter>
    </ClCompile>
  </ItemGroup>
  <ItemGroup>
    <ClInclude Include="pch.h" />
    <ClInclude Include="DxTools.h">
      <Filter>Dx</Filter>
    </ClInclude>
    <ClInclude Include="Game.h">
      <Filter>Game</Filter>
    </ClInclude>
    <ClInclude Include="Graphics.h">
      <Filter>Dx</Filter>
    </ClInclude>
    <ClInclude Include="IO.h">
      <Filter>Dx</Filter>
    </ClInclude>
    <ClInclude Include="Level1.h">
      <Filter>Levels</Filter>
    </ClInclude>
    <ClInclude Include="ILevel.h">
      <Filter>Levels</Filter>
    </ClInclude>
    <ClInclude Include="StepTimer.h">
      <Filter>Dx</Filter>
    </ClInclude>
    <ClInclude Include="Level3.h">
      <Filter>Levels</Filter>
    </ClInclude>
    <ClInclude Include="Level2.h">
      <Filter>Levels</Filter>
    </ClInclude>
    <ClInclude Include="Level4.h">
      <Filter>Levels</Filter>
    </ClInclude>
    <ClInclude Include="Cube.h">
      <Filter>Dx\Shapes</Filter>
    </ClInclude>
    <ClInclude Include="Drawable.h">
      <Filter>Dx\Shapes</Filter>
    </ClInclude>
    <ClInclude Include="VertexBuffer.h">
      <Filter>Dx\Attachables</Filter>
    </ClInclude>
    <ClInclude Include="IndexBuffer.h">
      <Filter>Dx\Attachables</Filter>
    </ClInclude>
    <ClInclude Include="InputLayout.h">
      <Filter>Dx\Attachables</Filter>
    </ClInclude>
    <ClInclude Include="ConstantBuffer.h">
      <Filter>Dx\Attachables</Filter>
    </ClInclude>
    <ClInclude Include="Attachable.h">
      <Filter>Dx\Attachables</Filter>
    </ClInclude>
  </ItemGroup>
  <ItemGroup>
    <Image Include="Assets\Wide310x150Logo.scale-200.png">
      <Filter>Assets</Filter>
    </Image>
    <Image Include="Assets\StoreLogo.png">
      <Filter>Assets</Filter>
    </Image>
    <Image Include="Assets\Square150x150Logo.scale-200.png">
      <Filter>Assets</Filter>
    </Image>
    <Image Include="Assets\Square44x44Logo.targetsize-24_altform-unplated.png">
      <Filter>Assets</Filter>
    </Image>
    <Image Include="Assets\Square44x44Logo.scale-200.png">
      <Filter>Assets</Filter>
    </Image>
    <Image Include="Assets\SplashScreen.scale-200.png">
      <Filter>Assets</Filter>
    </Image>
    <Image Include="Assets\LockScreenLogo.scale-200.png">
      <Filter>Assets</Filter>
    </Image>
  </ItemGroup>
  <ItemGroup>
    <AppxManifest Include="Package.appxmanifest" />
  </ItemGroup>
  <ItemGroup>
    <Filter Include="Assets">
      <UniqueIdentifier>{db9086fe-bacc-4437-8272-1aa6642082db}</UniqueIdentifier>
    </Filter>
    <Filter Include="Dx">
      <UniqueIdentifier>{5bfb178c-49f4-4511-b340-4235e9351304}</UniqueIdentifier>
    </Filter>
    <Filter Include="Game">
      <UniqueIdentifier>{83a338da-8688-4b40-978c-fabec5eefa68}</UniqueIdentifier>
    </Filter>
    <Filter Include="Shaders">
      <UniqueIdentifier>{9ad4c64f-d2e2-402c-92b9-1186889c9ac8}</UniqueIdentifier>
    </Filter>
    <Filter Include="Levels">
      <UniqueIdentifier>{4fa04f32-faae-4c44-bb29-99f2f0c58d94}</UniqueIdentifier>
    </Filter>
    <Filter Include="Dx\Shapes">
      <UniqueIdentifier>{b9ecc9a9-2bb3-4d0e-921b-4795a6f9d0c8}</UniqueIdentifier>
    </Filter>
    <Filter Include="Dx\Attachables">
      <UniqueIdentifier>{8aea8585-4468-4573-81fe-dae55b3b553e}</UniqueIdentifier>
    </Filter>
  </ItemGroup>
  <ItemGroup>
    <None Include="PropertySheet.props" />
    <None Include="packages.config" />
  </ItemGroup>
  <ItemGroup>
    <Text Include="readme.txt" />
  </ItemGroup>
  <ItemGroup>
    <FxCompile Include="PixelShader.hlsl">
      <Filter>Shaders</Filter>
    </FxCompile>
    <FxCompile Include="VertexShader.hlsl">
      <Filter>Shaders</Filter>
    </FxCompile>
    <FxCompile Include="VertexShader3.hlsl">
      <Filter>Shaders</Filter>
    </FxCompile>
    <FxCompile Include="PixelShader3.hlsl">
      <Filter>Shaders</Filter>
    </FxCompile>
    <FxCompile Include="PixelShader2.hlsl">
      <Filter>Shaders</Filter>
    </FxCompile>
    <FxCompile Include="VertexShader2.hlsl">
      <Filter>Shaders</Filter>
    </FxCompile>
    <FxCompile Include="VertexShader4.hlsl">
      <Filter>Shaders</Filter>
    </FxCompile>
    <FxCompile Include="PixelShader4.hlsl">
      <Filter>Shaders</Filter>
    </FxCompile>
  </ItemGroup>
</Project>